
Microsoft Visual Studio Solution File, Format Version 12.00
# Visual Studio Version 17
VisualStudioVersion = 17.8.34408.163
MinimumVisualStudioVersion = 10.0.40219.1
Project("{FAE04EC0-301F-11D3-BF4B-00C04F79EFBC}") = "Selection Sort", "Selection Sort.csproj", "{D0C8647F-A49C-49DD-AD30-8B9CD6BD075B}"
EndProject
Global
	GlobalSection(SolutionConfigurationPlatforms) = preSolution
		Debug|Any CPU = Debug|Any CPU
		Release|Any CPU = Release|Any CPU
	EndGlobalSection
	GlobalSection(ProjectConfigurationPlatforms) = postSolution
		{D0C8647F-A49C-49DD-AD30-8B9CD6BD075B}.Debug|Any CPU.ActiveCfg = Debug|Any CPU
		{D0C8647F-A49C-49DD-AD30-8B9CD6BD075B}.Debug|Any CPU.Build.0 = Debug|Any CPU
		{D0C8647F-A49C-49DD-AD30-8B9CD6BD075B}.Release|Any CPU.ActiveCfg = Release|Any CPU
		{D0C8647F-A49C-49DD-AD30-8B9CD6BD075B}.Release|Any CPU.Build.0 = Release|Any CPU
	EndGlobalSection
	GlobalSection(SolutionProperties) = preSolution
		HideSolutionNode = FALSE
	EndGlobalSection
	GlobalSection(ExtensibilityGlobals) = postSolution
		SolutionGuid = {742025F4-B00F-4D59-A2E9-D42E4471B2BE}
	EndGlobalSection
EndGlobal
